
Microsoft Visual Studio Solution File, Format Version 12.00
# Visual Studio Version 17
VisualStudioVersion = 17.14.35906.104 d17.14
MinimumVisualStudioVersion = 10.0.40219.1
Project("{FAE04EC0-301F-11D3-BF4B-00C04F79EFBC}") = "SkillifyAPI", "SkillifyAPI.csproj", "{32FA10E5-CA8E-BAD8-8A3E-BCD0966E5EB3}"
EndProject
Global
	GlobalSection(SolutionConfigurationPlatforms) = preSolution
		Debug|Any CPU = Debug|Any CPU
		Release|Any CPU = Release|Any CPU
	EndGlobalSection
	GlobalSection(ProjectConfigurationPlatforms) = postSolution
		{32FA10E5-CA8E-BAD8-8A3E-BCD0966E5EB3}.Debug|Any CPU.ActiveCfg = Debug|Any CPU
		{32FA10E5-CA8E-BAD8-8A3E-BCD0966E5EB3}.Debug|Any CPU.Build.0 = Debug|Any CPU
		{32FA10E5-CA8E-BAD8-8A3E-BCD0966E5EB3}.Release|Any CPU.ActiveCfg = Release|Any CPU
		{32FA10E5-CA8E-BAD8-8A3E-BCD0966E5EB3}.Release|Any CPU.Build.0 = Release|Any CPU
	EndGlobalSection
	GlobalSection(SolutionProperties) = preSolution
		HideSolutionNode = FALSE
	EndGlobalSection
	GlobalSection(ExtensibilityGlobals) = postSolution
		SolutionGuid = {2C364451-5191-4D94-8309-3EFD8E8ED88C}
	EndGlobalSection
EndGlobal
